
Microsoft Visual Studio Solution File, Format Version 12.00
# Visual Studio Version 17
VisualStudioVersion = 17.3.32901.215
MinimumVisualStudioVersion = 10.0.40219.1
Project("{FAE04EC0-301F-11D3-BF4B-00C04F79EFBC}") = "ReproWinUI3DissapearingProgressRing", "ReproWinUI3DissapearingProgressRing.csproj", "{888BE3ED-1930-4FAA-A2B8-C942BCC66E40}"
EndProject
Global
	GlobalSection(SolutionConfigurationPlatforms) = preSolution
		Debug|arm64 = Debug|arm64
		Debug|x64 = Debug|x64
		Debug|x86 = Debug|x86
		Release|arm64 = Release|arm64
		Release|x64 = Release|x64
		Release|x86 = Release|x86
	EndGlobalSection
	GlobalSection(ProjectConfigurationPlatforms) = postSolution
		{888BE3ED-1930-4FAA-A2B8-C942BCC66E40}.Debug|arm64.ActiveCfg = Debug|arm64
		{888BE3ED-1930-4FAA-A2B8-C942BCC66E40}.Debug|arm64.Build.0 = Debug|arm64
		{888BE3ED-1930-4FAA-A2B8-C942BCC66E40}.Debug|arm64.Deploy.0 = Debug|arm64
		{888BE3ED-1930-4FAA-A2B8-C942BCC66E40}.Debug|x64.ActiveCfg = Debug|x64
		{888BE3ED-1930-4FAA-A2B8-C942BCC66E40}.Debug|x64.Build.0 = Debug|x64
		{888BE3ED-1930-4FAA-A2B8-C942BCC66E40}.Debug|x64.Deploy.0 = Debug|x64
		{888BE3ED-1930-4FAA-A2B8-C942BCC66E40}.Debug|x86.ActiveCfg = Debug|x86
		{888BE3ED-1930-4FAA-A2B8-C942BCC66E40}.Debug|x86.Build.0 = Debug|x86
		{888BE3ED-1930-4FAA-A2B8-C942BCC66E40}.Debug|x86.Deploy.0 = Debug|x86
		{888BE3ED-1930-4FAA-A2B8-C942BCC66E40}.Release|arm64.ActiveCfg = Release|arm64
		{888BE3ED-1930-4FAA-A2B8-C942BCC66E40}.Release|arm64.Build.0 = Release|arm64
		{888BE3ED-1930-4FAA-A2B8-C942BCC66E40}.Release|arm64.Deploy.0 = Release|arm64
		{888BE3ED-1930-4FAA-A2B8-C942BCC66E40}.Release|x64.ActiveCfg = Release|x64
		{888BE3ED-1930-4FAA-A2B8-C942BCC66E40}.Release|x64.Build.0 = Release|x64
		{888BE3ED-1930-4FAA-A2B8-C942BCC66E40}.Release|x64.Deploy.0 = Release|x64
		{888BE3ED-1930-4FAA-A2B8-C942BCC66E40}.Release|x86.ActiveCfg = Release|x86
		{888BE3ED-1930-4FAA-A2B8-C942BCC66E40}.Release|x86.Build.0 = Release|x86
		{888BE3ED-1930-4FAA-A2B8-C942BCC66E40}.Release|x86.Deploy.0 = Release|x86
	EndGlobalSection
	GlobalSection(SolutionProperties) = preSolution
		HideSolutionNode = FALSE
	EndGlobalSection
	GlobalSection(ExtensibilityGlobals) = postSolution
		SolutionGuid = {42EFAEB7-18D6-442B-B739-BE370D76F2F8}
	EndGlobalSection
EndGlobal
